// !$*UTF8*$!
{
	archiveVersion = 1;
	classes = {
	};
	objectVersion = 50;
	objects = {

/* Begin PBXBuildFile section */
		5B5477409EC81643A3354CE2 /* Pods_GeofenceTests.framework in Frameworks */ = {isa = PBXBuildFile; fileRef = DC8BF4811C6DF713F1F6FE2C /* Pods_GeofenceTests.framework */; };
		691388E2221AC1F900EA3705 /* AppDelegate.swift in Sources */ = {isa = PBXBuildFile; fileRef = 691388E1221AC1F900EA3705 /* AppDelegate.swift */; };
		691388E4221AC1F900EA3705 /* GeofenceViewController.swift in Sources */ = {isa = PBXBuildFile; fileRef = 691388E3221AC1F900EA3705 /* GeofenceViewController.swift */; };
		691388E7221AC1FA00EA3705 /* Main.storyboard in Resources */ = {isa = PBXBuildFile; fileRef = 691388E5221AC1FA00EA3705 /* Main.storyboard */; };
		691388E9221AC21100EA3705 /* Assets.xcassets in Resources */ = {isa = PBXBuildFile; fileRef = 691388E8221AC21100EA3705 /* Assets.xcassets */; };
		691388EC221AC21100EA3705 /* LaunchScreen.storyboard in Resources */ = {isa = PBXBuildFile; fileRef = 691388EA221AC21100EA3705 /* LaunchScreen.storyboard */; };
		691388F7221AC21100EA3705 /* GeoDataTests.swift in Sources */ = {isa = PBXBuildFile; fileRef = 691388F6221AC21100EA3705 /* GeoDataTests.swift */; };
		69138907221AEAC800EA3705 /* GeoData.swift in Sources */ = {isa = PBXBuildFile; fileRef = 69138906221AEAC800EA3705 /* GeoData.swift */; };
		6913890C221AFE2900EA3705 /* GeofenceViewModel.swift in Sources */ = {isa = PBXBuildFile; fileRef = 6913890B221AFE2900EA3705 /* GeofenceViewModel.swift */; };
		6913890F221B070D00EA3705 /* Constant.swift in Sources */ = {isa = PBXBuildFile; fileRef = 6913890E221B070D00EA3705 /* Constant.swift */; };
		69138912221B0DDD00EA3705 /* GeofenceViewModelTests.swift in Sources */ = {isa = PBXBuildFile; fileRef = 69138911221B0DDD00EA3705 /* GeofenceViewModelTests.swift */; };
		69138915221B0E6500EA3705 /* MockData.swift in Sources */ = {isa = PBXBuildFile; fileRef = 69138914221B0E6500EA3705 /* MockData.swift */; };
		69138917221BE6E000EA3705 /* Utility.swift in Sources */ = {isa = PBXBuildFile; fileRef = 69138916221BE6E000EA3705 /* Utility.swift */; };
		6913891A221C203300EA3705 /* UpdateGeofenceViewController.swift in Sources */ = {isa = PBXBuildFile; fileRef = 69138919221C203300EA3705 /* UpdateGeofenceViewController.swift */; };
		DB10060D16C8368320727BEA /* Pods_Geofence.framework in Frameworks */ = {isa = PBXBuildFile; fileRef = 4186003733639B71B349891D /* Pods_Geofence.framework */; };
/* End PBXBuildFile section */

/* Begin PBXContainerItemProxy section */
		691388F3221AC21100EA3705 /* PBXContainerItemProxy */ = {
			isa = PBXContainerItemProxy;
			containerPortal = 691388D6221AC1F900EA3705 /* Project object */;
			proxyType = 1;
			remoteGlobalIDString = 691388DD221AC1F900EA3705;
			remoteInfo = Geofence;
		};
/* End PBXContainerItemProxy section */

/* Begin PBXFileReference section */
		17464673DAC4BA5A4EEA3D45 /* Pods-Geofence.release.xcconfig */ = {isa = PBXFileReference; includeInIndex = 1; lastKnownFileType = text.xcconfig; name = "Pods-Geofence.release.xcconfig"; path = "Target Support Files/Pods-Geofence/Pods-Geofence.release.xcconfig"; sourceTree = "<group>"; };
		4186003733639B71B349891D /* Pods_Geofence.framework */ = {isa = PBXFileReference; explicitFileType = wrapper.framework; includeInIndex = 0; path = Pods_Geofence.framework; sourceTree = BUILT_PRODUCTS_DIR; };
		49EC50965FFEA9A832F6D3FF /* Pods-Geofence.debug.xcconfig */ = {isa = PBXFileReference; includeInIndex = 1; lastKnownFileType = text.xcconfig; name = "Pods-Geofence.debug.xcconfig"; path = "Target Support Files/Pods-Geofence/Pods-Geofence.debug.xcconfig"; sourceTree = "<group>"; };
		691388DE221AC1F900EA3705 /* Geofence.app */ = {isa = PBXFileReference; explicitFileType = wrapper.application; includeInIndex = 0; path = Geofence.app; sourceTree = BUILT_PRODUCTS_DIR; };
		691388E1221AC1F900EA3705 /* AppDelegate.swift */ = {isa = PBXFileReference; lastKnownFileType = sourcecode.swift; path = AppDelegate.swift; sourceTree = "<group>"; };
		691388E3221AC1F900EA3705 /* GeofenceViewController.swift */ = {isa = PBXFileReference; lastKnownFileType = sourcecode.swift; path = GeofenceViewController.swift; sourceTree = "<group>"; };
		691388E6221AC1FA00EA3705 /* Base */ = {isa = PBXFileReference; lastKnownFileType = file.storyboard; name = Base; path = Base.lproj/Main.storyboard; sourceTree = "<group>"; };
		691388E8221AC21100EA3705 /* Assets.xcassets */ = {isa = PBXFileReference; lastKnownFileType = folder.assetcatalog; path = Assets.xcassets; sourceTree = "<group>"; };
		691388EB221AC21100EA3705 /* Base */ = {isa = PBXFileReference; lastKnownFileType = file.storyboard; name = Base; path = Base.lproj/LaunchScreen.storyboard; sourceTree = "<group>"; };
		691388ED221AC21100EA3705 /* Info.plist */ = {isa = PBXFileReference; lastKnownFileType = text.plist.xml; path = Info.plist; sourceTree = "<group>"; };
		691388F2221AC21100EA3705 /* GeofenceTests.xctest */ = {isa = PBXFileReference; explicitFileType = wrapper.cfbundle; includeInIndex = 0; path = GeofenceTests.xctest; sourceTree = BUILT_PRODUCTS_DIR; };
		691388F6221AC21100EA3705 /* GeoDataTests.swift */ = {isa = PBXFileReference; lastKnownFileType = sourcecode.swift; path = GeoDataTests.swift; sourceTree = "<group>"; };
		691388F8221AC21100EA3705 /* Info.plist */ = {isa = PBXFileReference; lastKnownFileType = text.plist.xml; path = Info.plist; sourceTree = "<group>"; };
		69138903221AE2AF00EA3705 /* README.md */ = {isa = PBXFileReference; lastKnownFileType = net.daringfireball.markdown; path = README.md; sourceTree = "<group>"; };
		69138906221AEAC800EA3705 /* GeoData.swift */ = {isa = PBXFileReference; lastKnownFileType = sourcecode.swift; path = GeoData.swift; sourceTree = "<group>"; };
		6913890B221AFE2900EA3705 /* GeofenceViewModel.swift */ = {isa = PBXFileReference; lastKnownFileType = sourcecode.swift; path = GeofenceViewModel.swift; sourceTree = "<group>"; };
		6913890E221B070D00EA3705 /* Constant.swift */ = {isa = PBXFileReference; lastKnownFileType = sourcecode.swift; path = Constant.swift; sourceTree = "<group>"; };
		69138911221B0DDD00EA3705 /* GeofenceViewModelTests.swift */ = {isa = PBXFileReference; lastKnownFileType = sourcecode.swift; path = GeofenceViewModelTests.swift; sourceTree = "<group>"; };
		69138914221B0E6500EA3705 /* MockData.swift */ = {isa = PBXFileReference; lastKnownFileType = sourcecode.swift; path = MockData.swift; sourceTree = "<group>"; };
		69138916221BE6E000EA3705 /* Utility.swift */ = {isa = PBXFileReference; lastKnownFileType = sourcecode.swift; path = Utility.swift; sourceTree = "<group>"; };
		69138918221C0E3700EA3705 /* Kuala Lumpur.gpx */ = {isa = PBXFileReference; lastKnownFileType = text.xml; path = "Kuala Lumpur.gpx"; sourceTree = "<group>"; };
		69138919221C203300EA3705 /* UpdateGeofenceViewController.swift */ = {isa = PBXFileReference; lastKnownFileType = sourcecode.swift; path = UpdateGeofenceViewController.swift; sourceTree = "<group>"; };
		988544352442C7341B0A2CAB /* Pods-GeofenceTests.debug.xcconfig */ = {isa = PBXFileReference; includeInIndex = 1; lastKnownFileType = text.xcconfig; name = "Pods-GeofenceTests.debug.xcconfig"; path = "Target Support Files/Pods-GeofenceTests/Pods-GeofenceTests.debug.xcconfig"; sourceTree = "<group>"; };
		CF21D5380B4FFBF3E17F280D /* Pods-GeofenceTests.release.xcconfig */ = {isa = PBXFileReference; includeInIndex = 1; lastKnownFileType = text.xcconfig; name = "Pods-GeofenceTests.release.xcconfig"; path = "Target Support Files/Pods-GeofenceTests/Pods-GeofenceTests.release.xcconfig"; sourceTree = "<group>"; };
		DC8BF4811C6DF713F1F6FE2C /* Pods_GeofenceTests.framework */ = {isa = PBXFileReference; explicitFileType = wrapper.framework; includeInIndex = 0; path = Pods_GeofenceTests.framework; sourceTree = BUILT_PRODUCTS_DIR; };
/* End PBXFileReference section */

/* Begin PBXFrameworksBuildPhase section */
		691388DB221AC1F900EA3705 /* Frameworks */ = {
			isa = PBXFrameworksBuildPhase;
			buildActionMask = 2147483647;
			files = (
				DB10060D16C8368320727BEA /* Pods_Geofence.framework in Frameworks */,
			);
			runOnlyForDeploymentPostprocessing = 0;
		};
		691388EF221AC21100EA3705 /* Frameworks */ = {
			isa = PBXFrameworksBuildPhase;
			buildActionMask = 2147483647;
			files = (
				5B5477409EC81643A3354CE2 /* Pods_GeofenceTests.framework in Frameworks */,
			);
			runOnlyForDeploymentPostprocessing = 0;
		};
/* End PBXFrameworksBuildPhase section */

/* Begin PBXGroup section */
		1E8203D57F3AF6E27F37014A /* Pods */ = {
			isa = PBXGroup;
			children = (
				49EC50965FFEA9A832F6D3FF /* Pods-Geofence.debug.xcconfig */,
				17464673DAC4BA5A4EEA3D45 /* Pods-Geofence.release.xcconfig */,
				988544352442C7341B0A2CAB /* Pods-GeofenceTests.debug.xcconfig */,
				CF21D5380B4FFBF3E17F280D /* Pods-GeofenceTests.release.xcconfig */,
			);
			path = Pods;
			sourceTree = "<group>";
		};
		51340211DE5FE3A31C05709C /* Frameworks */ = {
			isa = PBXGroup;
			children = (
				4186003733639B71B349891D /* Pods_Geofence.framework */,
				DC8BF4811C6DF713F1F6FE2C /* Pods_GeofenceTests.framework */,
			);
			name = Frameworks;
			sourceTree = "<group>";
		};
		691388D5221AC1F900EA3705 = {
			isa = PBXGroup;
			children = (
				69138903221AE2AF00EA3705 /* README.md */,
				691388E0221AC1F900EA3705 /* Geofence */,
				691388F5221AC21100EA3705 /* GeofenceTests */,
				691388DF221AC1F900EA3705 /* Products */,
				1E8203D57F3AF6E27F37014A /* Pods */,
				51340211DE5FE3A31C05709C /* Frameworks */,
			);
			sourceTree = "<group>";
		};
		691388DF221AC1F900EA3705 /* Products */ = {
			isa = PBXGroup;
			children = (
				691388DE221AC1F900EA3705 /* Geofence.app */,
				691388F2221AC21100EA3705 /* GeofenceTests.xctest */,
			);
			name = Products;
			sourceTree = "<group>";
		};
		691388E0221AC1F900EA3705 /* Geofence */ = {
			isa = PBXGroup;
			children = (
				691388E1221AC1F900EA3705 /* AppDelegate.swift */,
				69138904221AE36200EA3705 /* ViewController */,
				69138905221AE37B00EA3705 /* View */,
				69138908221AEAD600EA3705 /* Model */,
				6913890D221B054100EA3705 /* ViewModel */,
				69138910221B078C00EA3705 /* Helper */,
				6954124A221C2E3C004DCED3 /* Resource */,
				691388E8221AC21100EA3705 /* Assets.xcassets */,
				691388ED221AC21100EA3705 /* Info.plist */,
			);
			path = Geofence;
			sourceTree = "<group>";
		};
		691388F5221AC21100EA3705 /* GeofenceTests */ = {
			isa = PBXGroup;
			children = (
				6913890A221AF29200EA3705 /* Model */,
				69138913221B0DE200EA3705 /* ViewModel */,
				691388F8221AC21100EA3705 /* Info.plist */,
			);
			path = GeofenceTests;
			sourceTree = "<group>";
		};
		69138904221AE36200EA3705 /* ViewController */ = {
			isa = PBXGroup;
			children = (
				691388E3221AC1F900EA3705 /* GeofenceViewController.swift */,
				69138919221C203300EA3705 /* UpdateGeofenceViewController.swift */,
			);
			path = ViewController;
			sourceTree = "<group>";
		};
		69138905221AE37B00EA3705 /* View */ = {
			isa = PBXGroup;
			children = (
				691388E5221AC1FA00EA3705 /* Main.storyboard */,
				691388EA221AC21100EA3705 /* LaunchScreen.storyboard */,
			);
			path = View;
			sourceTree = "<group>";
		};
		69138908221AEAD600EA3705 /* Model */ = {
			isa = PBXGroup;
			children = (
				69138906221AEAC800EA3705 /* GeoData.swift */,
			);
			path = Model;
			sourceTree = "<group>";
		};
		6913890A221AF29200EA3705 /* Model */ = {
			isa = PBXGroup;
			children = (
				691388F6221AC21100EA3705 /* GeoDataTests.swift */,
				69138914221B0E6500EA3705 /* MockData.swift */,
			);
			path = Model;
			sourceTree = "<group>";
		};
		6913890D221B054100EA3705 /* ViewModel */ = {
			isa = PBXGroup;
			children = (
				6913890B221AFE2900EA3705 /* GeofenceViewModel.swift */,
			);
			path = ViewModel;
			sourceTree = "<group>";
		};
		69138910221B078C00EA3705 /* Helper */ = {
			isa = PBXGroup;
			children = (
				6913890E221B070D00EA3705 /* Constant.swift */,
				69138916221BE6E000EA3705 /* Utility.swift */,
			);
			path = Helper;
			sourceTree = "<group>";
		};
		69138913221B0DE200EA3705 /* ViewModel */ = {
			isa = PBXGroup;
			children = (
				69138911221B0DDD00EA3705 /* GeofenceViewModelTests.swift */,
			);
			path = ViewModel;
			sourceTree = "<group>";
		};
		6954124A221C2E3C004DCED3 /* Resource */ = {
			isa = PBXGroup;
			children = (
				69138918221C0E3700EA3705 /* Kuala Lumpur.gpx */,
			);
			path = Resource;
			sourceTree = "<group>";
		};
/* End PBXGroup section */

/* Begin PBXNativeTarget section */
		691388DD221AC1F900EA3705 /* Geofence */ = {
			isa = PBXNativeTarget;
			buildConfigurationList = 691388FB221AC21100EA3705 /* Build configuration list for PBXNativeTarget "Geofence" */;
			buildPhases = (
				8367197A400147C280DCA702 /* [CP] Check Pods Manifest.lock */,
				691388DA221AC1F900EA3705 /* Sources */,
				691388DB221AC1F900EA3705 /* Frameworks */,
				691388DC221AC1F900EA3705 /* Resources */,
				7955EA7FF788F94F96A730A5 /* [CP] Embed Pods Frameworks */,
			);
			buildRules = (
			);
			dependencies = (
			);
			name = Geofence;
			productName = Geofence;
			productReference = 691388DE221AC1F900EA3705 /* Geofence.app */;
			productType = "com.apple.product-type.application";
		};
		691388F1221AC21100EA3705 /* GeofenceTests */ = {
			isa = PBXNativeTarget;
			buildConfigurationList = 691388FE221AC21100EA3705 /* Build configuration list for PBXNativeTarget "GeofenceTests" */;
			buildPhases = (
				BFFBEE817A0D04B5EC7C374C /* [CP] Check Pods Manifest.lock */,
				691388EE221AC21100EA3705 /* Sources */,
				691388EF221AC21100EA3705 /* Frameworks */,
				691388F0221AC21100EA3705 /* Resources */,
			);
			buildRules = (
			);
			dependencies = (
				691388F4221AC21100EA3705 /* PBXTargetDependency */,
			);
			name = GeofenceTests;
			productName = GeofenceTests;
			productReference = 691388F2221AC21100EA3705 /* GeofenceTests.xctest */;
			productType = "com.apple.product-type.bundle.unit-test";
		};
/* End PBXNativeTarget section */

/* Begin PBXProject section */
		691388D6221AC1F900EA3705 /* Project object */ = {
			isa = PBXProject;
			attributes = {
				LastSwiftUpdateCheck = 1010;
				LastUpgradeCheck = 1010;
				ORGANIZATIONNAME = Woon;
				TargetAttributes = {
					691388DD221AC1F900EA3705 = {
						CreatedOnToolsVersion = 10.1;
					};
					691388F1221AC21100EA3705 = {
						CreatedOnToolsVersion = 10.1;
						TestTargetID = 691388DD221AC1F900EA3705;
					};
				};
			};
			buildConfigurationList = 691388D9221AC1F900EA3705 /* Build configuration list for PBXProject "Geofence" */;
			compatibilityVersion = "Xcode 9.3";
			developmentRegion = en;
			hasScannedForEncodings = 0;
			knownRegions = (
				en,
				Base,
			);
			mainGroup = 691388D5221AC1F900EA3705;
			productRefGroup = 691388DF221AC1F900EA3705 /* Products */;
			projectDirPath = "";
			projectRoot = "";
			targets = (
				691388DD221AC1F900EA3705 /* Geofence */,
				691388F1221AC21100EA3705 /* GeofenceTests */,
			);
		};
/* End PBXProject section */

/* Begin PBXResourcesBuildPhase section */
		691388DC221AC1F900EA3705 /* Resources */ = {
			isa = PBXResourcesBuildPhase;
			buildActionMask = 2147483647;
			files = (
				691388EC221AC21100EA3705 /* LaunchScreen.storyboard in Resources */,
				691388E9221AC21100EA3705 /* Assets.xcassets in Resources */,
				691388E7221AC1FA00EA3705 /* Main.storyboard in Resources */,
			);
			runOnlyForDeploymentPostprocessing = 0;
		};
		691388F0221AC21100EA3705 /* Resources */ = {
			isa = PBXResourcesBuildPhase;
			buildActionMask = 2147483647;
			files = (
			);
			runOnlyForDeploymentPostprocessing = 0;
		};
/* End PBXResourcesBuildPhase section */

/* Begin PBXShellScriptBuildPhase section */
		7955EA7FF788F94F96A730A5 /* [CP] Embed Pods Frameworks */ = {
			isa = PBXShellScriptBuildPhase;
			buildActionMask = 2147483647;
			files = (
			);
			inputFileListPaths = (
			);
			inputPaths = (
				"${PODS_ROOT}/Target Support Files/Pods-Geofence/Pods-Geofence-frameworks.sh",
				"${BUILT_PRODUCTS_DIR}/RxAtomic/RxAtomic.framework",
				"${BUILT_PRODUCTS_DIR}/RxCocoa/RxCocoa.framework",
				"${BUILT_PRODUCTS_DIR}/RxSwift/RxSwift.framework",
			);
			name = "[CP] Embed Pods Frameworks";
			outputFileListPaths = (
			);
			outputPaths = (
				"${TARGET_BUILD_DIR}/${FRAMEWORKS_FOLDER_PATH}/RxAtomic.framework",
				"${TARGET_BUILD_DIR}/${FRAMEWORKS_FOLDER_PATH}/RxCocoa.framework",
				"${TARGET_BUILD_DIR}/${FRAMEWORKS_FOLDER_PATH}/RxSwift.framework",
			);
			runOnlyForDeploymentPostprocessing = 0;
			shellPath = /bin/sh;
			shellScript = "\"${PODS_ROOT}/Target Support Files/Pods-Geofence/Pods-Geofence-frameworks.sh\"\n";
			showEnvVarsInLog = 0;
		};
		8367197A400147C280DCA702 /* [CP] Check Pods Manifest.lock */ = {
			isa = PBXShellScriptBuildPhase;
			buildActionMask = 2147483647;
			files = (
			);
			inputFileListPaths = (
			);
			inputPaths = (
				"${PODS_PODFILE_DIR_PATH}/Podfile.lock",
				"${PODS_ROOT}/Manifest.lock",
			);
			name = "[CP] Check Pods Manifest.lock";
			outputFileListPaths = (
			);
			outputPaths = (
				"$(DERIVED_FILE_DIR)/Pods-Geofence-checkManifestLockResult.txt",
			);
			runOnlyForDeploymentPostprocessing = 0;
			shellPath = /bin/sh;
			shellScript = "diff \"${PODS_PODFILE_DIR_PATH}/Podfile.lock\" \"${PODS_ROOT}/Manifest.lock\" > /dev/null\nif [ $? != 0 ] ; then\n    # print error to STDERR\n    echo \"error: The sandbox is not in sync with the Podfile.lock. Run 'pod install' or update your CocoaPods installation.\" >&2\n    exit 1\nfi\n# This output is used by Xcode 'outputs' to avoid re-running this script phase.\necho \"SUCCESS\" > \"${SCRIPT_OUTPUT_FILE_0}\"\n";
			showEnvVarsInLog = 0;
		};
		BFFBEE817A0D04B5EC7C374C /* [CP] Check Pods Manifest.lock */ = {
			isa = PBXShellScriptBuildPhase;
			buildActionMask = 2147483647;
			files = (
			);
			inputFileListPaths = (
			);
			inputPaths = (
				"${PODS_PODFILE_DIR_PATH}/Podfile.lock",
				"${PODS_ROOT}/Manifest.lock",
			);
			name = "[CP] Check Pods Manifest.lock";
			outputFileListPaths = (
			);
			outputPaths = (
				"$(DERIVED_FILE_DIR)/Pods-GeofenceTests-checkManifestLockResult.txt",
			);
			runOnlyForDeploymentPostprocessing = 0;
			shellPath = /bin/sh;
			shellScript = "diff \"${PODS_PODFILE_DIR_PATH}/Podfile.lock\" \"${PODS_ROOT}/Manifest.lock\" > /dev/null\nif [ $? != 0 ] ; then\n    # print error to STDERR\n    echo \"error: The sandbox is not in sync with the Podfile.lock. Run 'pod install' or update your CocoaPods installation.\" >&2\n    exit 1\nfi\n# This output is used by Xcode 'outputs' to avoid re-running this script phase.\necho \"SUCCESS\" > \"${SCRIPT_OUTPUT_FILE_0}\"\n";
			showEnvVarsInLog = 0;
		};
/* End PBXShellScriptBuildPhase section */

/* Begin PBXSourcesBuildPhase section */
		691388DA221AC1F900EA3705 /* Sources */ = {
			isa = PBXSourcesBuildPhase;
			buildActionMask = 2147483647;
			files = (
				69138907221AEAC800EA3705 /* GeoData.swift in Sources */,
				691388E4221AC1F900EA3705 /* GeofenceViewController.swift in Sources */,
				69138917221BE6E000EA3705 /* Utility.swift in Sources */,
				6913891A221C203300EA3705 /* UpdateGeofenceViewController.swift in Sources */,
				6913890F221B070D00EA3705 /* Constant.swift in Sources */,
				6913890C221AFE2900EA3705 /* GeofenceViewModel.swift in Sources */,
				691388E2221AC1F900EA3705 /* AppDelegate.swift in Sources */,
			);
			runOnlyForDeploymentPostprocessing = 0;
		};
		691388EE221AC21100EA3705 /* Sources */ = {
			isa = PBXSourcesBuildPhase;
			buildActionMask = 2147483647;
			files = (
				69138912221B0DDD00EA3705 /* GeofenceViewModelTests.swift in Sources */,
				69138915221B0E6500EA3705 /* MockData.swift in Sources */,
				691388F7221AC21100EA3705 /* GeoDataTests.swift in Sources */,
			);
			runOnlyForDeploymentPostprocessing = 0;
		};
/* End PBXSourcesBuildPhase section */

/* Begin PBXTargetDependency section */
		691388F4221AC21100EA3705 /* PBXTargetDependency */ = {
			isa = PBXTargetDependency;
			target = 691388DD221AC1F900EA3705 /* Geofence */;
			targetProxy = 691388F3221AC21100EA3705 /* PBXContainerItemProxy */;
		};
/* End PBXTargetDependency section */

/* Begin PBXVariantGroup section */
		691388E5221AC1FA00EA3705 /* Main.storyboard */ = {
			isa = PBXVariantGroup;
			children = (
				691388E6221AC1FA00EA3705 /* Base */,
			);
			name = Main.storyboard;
			sourceTree = "<group>";
		};
		691388EA221AC21100EA3705 /* LaunchScreen.storyboard */ = {
			isa = PBXVariantGroup;
			children = (
				691388EB221AC21100EA3705 /* Base */,
			);
			name = LaunchScreen.storyboard;
			sourceTree = "<group>";
		};
/* End PBXVariantGroup section */

/* Begin XCBuildConfiguration section */
		691388F9221AC21100EA3705 /* Debug */ = {
			isa = XCBuildConfiguration;
			buildSettings = {
				ALWAYS_SEARCH_USER_PATHS = NO;
				CLANG_ANALYZER_NONNULL = YES;
				CLANG_ANALYZER_NUMBER_OBJECT_CONVERSION = YES_AGGRESSIVE;
				CLANG_CXX_LANGUAGE_STANDARD = "gnu++14";
				CLANG_CXX_LIBRARY = "libc++";
				CLANG_ENABLE_MODULES = YES;
				CLANG_ENABLE_OBJC_ARC = YES;
				CLANG_ENABLE_OBJC_WEAK = YES;
				CLANG_WARN_BLOCK_CAPTURE_AUTORELEASING = YES;
				CLANG_WARN_BOOL_CONVERSION = YES;
				CLANG_WARN_COMMA = YES;
				CLANG_WARN_CONSTANT_CONVERSION = YES;
				CLANG_WARN_DEPRECATED_OBJC_IMPLEMENTATIONS = YES;
				CLANG_WARN_DIRECT_OBJC_ISA_USAGE = YES_ERROR;
				CLANG_WARN_DOCUMENTATION_COMMENTS = YES;
				CLANG_WARN_EMPTY_BODY = YES;
				CLANG_WARN_ENUM_CONVERSION = YES;
				CLANG_WARN_INFINITE_RECURSION = YES;
				CLANG_WARN_INT_CONVERSION = YES;
				CLANG_WARN_NON_LITERAL_NULL_CONVERSION = YES;
				CLANG_WARN_OBJC_IMPLICIT_RETAIN_SELF = YES;
				CLANG_WARN_OBJC_LITERAL_CONVERSION = YES;
				CLANG_WARN_OBJC_ROOT_CLASS = YES_ERROR;
				CLANG_WARN_RANGE_LOOP_ANALYSIS = YES;
				CLANG_WARN_STRICT_PROTOTYPES = YES;
				CLANG_WARN_SUSPICIOUS_MOVE = YES;
				CLANG_WARN_UNGUARDED_AVAILABILITY = YES_AGGRESSIVE;
				CLANG_WARN_UNREACHABLE_CODE = YES;
				CLANG_WARN__DUPLICATE_METHOD_MATCH = YES;
				CODE_SIGN_IDENTITY = "iPhone Developer";
				COPY_PHASE_STRIP = NO;
				DEBUG_INFORMATION_FORMAT = dwarf;
				ENABLE_STRICT_OBJC_MSGSEND = YES;
				ENABLE_TESTABILITY = YES;
				GCC_C_LANGUAGE_STANDARD = gnu11;
				GCC_DYNAMIC_NO_PIC = NO;
				GCC_NO_COMMON_BLOCKS = YES;
				GCC_OPTIMIZATION_LEVEL = 0;
				GCC_PREPROCESSOR_DEFINITIONS = (
					"DEBUG=1",
					"$(inherited)",
				);
				GCC_WARN_64_TO_32_BIT_CONVERSION = YES;
				GCC_WARN_ABOUT_RETURN_TYPE = YES_ERROR;
				GCC_WARN_UNDECLARED_SELECTOR = YES;
				GCC_WARN_UNINITIALIZED_AUTOS = YES_AGGRESSIVE;
				GCC_WARN_UNUSED_FUNCTION = YES;
				GCC_WARN_UNUSED_VARIABLE = YES;
				IPHONEOS_DEPLOYMENT_TARGET = 12.1;
				MTL_ENABLE_DEBUG_INFO = INCLUDE_SOURCE;
				MTL_FAST_MATH = YES;
				ONLY_ACTIVE_ARCH = YES;
				SDKROOT = iphoneos;
				SWIFT_ACTIVE_COMPILATION_CONDITIONS = DEBUG;
				SWIFT_OPTIMIZATION_LEVEL = "-Onone";
			};
			name = Debug;
		};
		691388FA221AC21100EA3705 /* Release */ = {
			isa = XCBuildConfiguration;
			buildSettings = {
				ALWAYS_SEARCH_USER_PATHS = NO;
				CLANG_ANALYZER_NONNULL = YES;
				CLANG_ANALYZER_NUMBER_OBJECT_CONVERSION = YES_AGGRESSIVE;
				CLANG_CXX_LANGUAGE_STANDARD = "gnu++14";
				CLANG_CXX_LIBRARY = "libc++";
				CLANG_ENABLE_MODULES = YES;
				CLANG_ENABLE_OBJC_ARC = YES;
				CLANG_ENABLE_OBJC_WEAK = YES;
				CLANG_WARN_BLOCK_CAPTURE_AUTORELEASING = YES;
				CLANG_WARN_BOOL_CONVERSION = YES;
				CLANG_WARN_COMMA = YES;
				CLANG_WARN_CONSTANT_CONVERSION = YES;
				CLANG_WARN_DEPRECATED_OBJC_IMPLEMENTATIONS = YES;
				CLANG_WARN_DIRECT_OBJC_ISA_USAGE = YES_ERROR;
				CLANG_WARN_DOCUMENTATION_COMMENTS = YES;
				CLANG_WARN_EMPTY_BODY = YES;
				CLANG_WARN_ENUM_CONVERSION = YES;
				CLANG_WARN_INFINITE_RECURSION = YES;
				CLANG_WARN_INT_CONVERSION = YES;
				CLANG_WARN_NON_LITERAL_NULL_CONVERSION = YES;
				CLANG_WARN_OBJC_IMPLICIT_RETAIN_SELF = YES;
				CLANG_WARN_OBJC_LITERAL_CONVERSION = YES;
				CLANG_WARN_OBJC_ROOT_CLASS = YES_ERROR;
				CLANG_WARN_RANGE_LOOP_ANALYSIS = YES;
				CLANG_WARN_STRICT_PROTOTYPES = YES;
				CLANG_WARN_SUSPICIOUS_MOVE = YES;
				CLANG_WARN_UNGUARDED_AVAILABILITY = YES_AGGRESSIVE;
				CLANG_WARN_UNREACHABLE_CODE = YES;
				CLANG_WARN__DUPLICATE_METHOD_MATCH = YES;
				CODE_SIGN_IDENTITY = "iPhone Developer";
				COPY_PHASE_STRIP = NO;
				DEBUG_INFORMATION_FORMAT = "dwarf-with-dsym";
				ENABLE_NS_ASSERTIONS = NO;
				ENABLE_STRICT_OBJC_MSGSEND = YES;
				GCC_C_LANGUAGE_STANDARD = gnu11;
				GCC_NO_COMMON_BLOCKS = YES;
				GCC_WARN_64_TO_32_BIT_CONVERSION = YES;
				GCC_WARN_ABOUT_RETURN_TYPE = YES_ERROR;
				GCC_WARN_UNDECLARED_SELECTOR = YES;
				GCC_WARN_UNINITIALIZED_AUTOS = YES_AGGRESSIVE;
				GCC_WARN_UNUSED_FUNCTION = YES;
				GCC_WARN_UNUSED_VARIABLE = YES;
				IPHONEOS_DEPLOYMENT_TARGET = 12.1;
				MTL_ENABLE_DEBUG_INFO = NO;
				MTL_FAST_MATH = YES;
				SDKROOT = iphoneos;
				SWIFT_COMPILATION_MODE = wholemodule;
				SWIFT_OPTIMIZATION_LEVEL = "-O";
				VALIDATE_PRODUCT = YES;
			};
			name = Release;
		};
		691388FC221AC21100EA3705 /* Debug */ = {
			isa = XCBuildConfiguration;
			baseConfigurationReference = 49EC50965FFEA9A832F6D3FF /* Pods-Geofence.debug.xcconfig */;
			buildSettings = {
				ASSETCATALOG_COMPILER_APPICON_NAME = AppIcon;
				CODE_SIGN_STYLE = Automatic;
				INFOPLIST_FILE = Geofence/Info.plist;
				LD_RUNPATH_SEARCH_PATHS = (
					"$(inherited)",
					"@executable_path/Frameworks",
				);
				PRODUCT_BUNDLE_IDENTIFIER = com.woon.test.Geofence;
				PRODUCT_NAME = "$(TARGET_NAME)";
				SWIFT_VERSION = 4.2;
				TARGETED_DEVICE_FAMILY = "1,2";
			};
			name = Debug;
		};
		691388FD221AC21100EA3705 /* Release */ = {
			isa = XCBuildConfiguration;
			baseConfigurationReference = 17464673DAC4BA5A4EEA3D45 /* Pods-Geofence.release.xcconfig */;
			buildSettings = {
				ASSETCATALOG_COMPILER_APPICON_NAME = AppIcon;
				CODE_SIGN_STYLE = Automatic;
				INFOPLIST_FILE = Geofence/Info.plist;
				LD_RUNPATH_SEARCH_PATHS = (
					"$(inherited)",
					"@executable_path/Frameworks",
				);
				PRODUCT_BUNDLE_IDENTIFIER = com.woon.test.Geofence;
				PRODUCT_NAME = "$(TARGET_NAME)";
				SWIFT_VERSION = 4.2;
				TARGETED_DEVICE_FAMILY = "1,2";
			};
			name = Release;
		};
		691388FF221AC21100EA3705 /* Debug */ = {
			isa = XCBuildConfiguration;
			baseConfigurationReference = 988544352442C7341B0A2CAB /* Pods-GeofenceTests.debug.xcconfig */;
			buildSettings = {
				ALWAYS_EMBED_SWIFT_STANDARD_LIBRARIES = YES;
				BUNDLE_LOADER = "$(TEST_HOST)";
				CODE_SIGN_STYLE = Automatic;
				INFOPLIST_FILE = GeofenceTests/Info.plist;
				LD_RUNPATH_SEARCH_PATHS = (
					"$(inherited)",
					"@executable_path/Frameworks",
					"@loader_path/Frameworks",
				);
				PRODUCT_BUNDLE_IDENTIFIER = com.woon.test.GeofenceTests;
				PRODUCT_NAME = "$(TARGET_NAME)";
				SWIFT_VERSION = 4.2;
				TARGETED_DEVICE_FAMILY = "1,2";
				TEST_HOST = "$(BUILT_PRODUCTS_DIR)/Geofence.app/Geofence";
			};
			name = Debug;
		};
		69138900221AC21100EA3705 /* Release */ = {
			isa = XCBuildConfiguration;
			baseConfigurationReference = CF21D5380B4FFBF3E17F280D /* Pods-GeofenceTests.release.xcconfig */;
			buildSettings = {
				ALWAYS_EMBED_SWIFT_STANDARD_LIBRARIES = YES;
				BUNDLE_LOADER = "$(TEST_HOST)";
				CODE_SIGN_STYLE = Automatic;
				INFOPLIST_FILE = GeofenceTests/Info.plist;
				LD_RUNPATH_SEARCH_PATHS = (
					"$(inherited)",
					"@executable_path/Frameworks",
					"@loader_path/Frameworks",
				);
				PRODUCT_BUNDLE_IDENTIFIER = com.woon.test.GeofenceTests;
				PRODUCT_NAME = "$(TARGET_NAME)";
				SWIFT_VERSION = 4.2;
				TARGETED_DEVICE_FAMILY = "1,2";
				TEST_HOST = "$(BUILT_PRODUCTS_DIR)/Geofence.app/Geofence";
			};
			name = Release;
		};
/* End XCBuildConfiguration section */

/* Begin XCConfigurationList section */
		691388D9221AC1F900EA3705 /* Build configuration list for PBXProject "Geofence" */ = {
			isa = XCConfigurationList;
			buildConfigurations = (
				691388F9221AC21100EA3705 /* Debug */,
				691388FA221AC21100EA3705 /* Release */,
			);
			defaultConfigurationIsVisible = 0;
			defaultConfigurationName = Release;
		};
		691388FB221AC21100EA3705 /* Build configuration list for PBXNativeTarget "Geofence" */ = {
			isa = XCConfigurationList;
			buildConfigurations = (
				691388FC221AC21100EA3705 /* Debug */,
				691388FD221AC21100EA3705 /* Release */,
			);
			defaultConfigurationIsVisible = 0;
			defaultConfigurationName = Release;
		};
		691388FE221AC21100EA3705 /* Build configuration list for PBXNativeTarget "GeofenceTests" */ = {
			isa = XCConfigurationList;
			buildConfigurations = (
				691388FF221AC21100EA3705 /* Debug */,
				69138900221AC21100EA3705 /* Release */,
			);
			defaultConfigurationIsVisible = 0;
			defaultConfigurationName = Release;
		};
/* End XCConfigurationList section */
	};
	rootObject = 691388D6221AC1F900EA3705 /* Project object */;
}
